// !$*UTF8*$!
{
	archiveVersion = 1;
	classes = {
	};
	objectVersion = 56;
	objects = {

/* Begin PBXBuildFile section */
		733A07AE48D53E75D8F2E611 /* Pods_Core.framework in Frameworks */ = {isa = PBXBuildFile; fileRef = 201EE20935EE082B2B1CE74E /* Pods_Core.framework */; };
		CE2922402C3A6F130072ABBA /* GameRemoteDataSource.swift in Sources */ = {isa = PBXBuildFile; fileRef = CE29223F2C3A6F130072ABBA /* GameRemoteDataSource.swift */; };
		CE2922432C3A6F3F0072ABBA /* GameRepository.swift in Sources */ = {isa = PBXBuildFile; fileRef = CE2922422C3A6F3F0072ABBA /* GameRepository.swift */; };
		CE2922472C3A6F670072ABBA /* Game.swift in Sources */ = {isa = PBXBuildFile; fileRef = CE2922462C3A6F670072ABBA /* Game.swift */; };
		CE29224A2C3A6F9C0072ABBA /* GameMapper+Ext.swift in Sources */ = {isa = PBXBuildFile; fileRef = CE2922492C3A6F9C0072ABBA /* GameMapper+Ext.swift */; };
		CE29224F2C3A70180072ABBA /* Result.swift in Sources */ = {isa = PBXBuildFile; fileRef = CE29224C2C3A70180072ABBA /* Result.swift */; };
		CE2922502C3A70180072ABBA /* ObservableScrollView.swift in Sources */ = {isa = PBXBuildFile; fileRef = CE29224D2C3A70180072ABBA /* ObservableScrollView.swift */; };
		CE2922512C3A70180072ABBA /* NoInternetConnectionView.swift in Sources */ = {isa = PBXBuildFile; fileRef = CE29224E2C3A70180072ABBA /* NoInternetConnectionView.swift */; };
		CE29225B2C3A71C50072ABBA /* Navigation+Ext.swift in Sources */ = {isa = PBXBuildFile; fileRef = CE29225A2C3A71C50072ABBA /* Navigation+Ext.swift */; };
		CE29225D2C3A71D50072ABBA /* NetworkUtil.swift in Sources */ = {isa = PBXBuildFile; fileRef = CE29225C2C3A71D50072ABBA /* NetworkUtil.swift */; };
		CE29225F2C3A71E70072ABBA /* StringUtil.swift in Sources */ = {isa = PBXBuildFile; fileRef = CE29225E2C3A71E70072ABBA /* StringUtil.swift */; };
		CEDFF8E22C3A773B0080377C /* GameModel.swift in Sources */ = {isa = PBXBuildFile; fileRef = CEDFF8E12C3A773B0080377C /* GameModel.swift */; };
		CEDFF8EC2C3A7A360080377C /* GameItemView.swift in Sources */ = {isa = PBXBuildFile; fileRef = CEDFF8EB2C3A7A360080377C /* GameItemView.swift */; };
		CEE36B162C37CCB400501FA0 /* GameLocalDataSource.swift in Sources */ = {isa = PBXBuildFile; fileRef = CEE36B152C37CCB400501FA0 /* GameLocalDataSource.swift */; };
		CEF49DD62C367ED500040470 /* Core.docc in Sources */ = {isa = PBXBuildFile; fileRef = CEF49DD52C367ED500040470 /* Core.docc */; };
		CEF49DD72C367ED500040470 /* Core.h in Headers */ = {isa = PBXBuildFile; fileRef = CEF49DD42C367ED500040470 /* Core.h */; settings = {ATTRIBUTES = (Public, ); }; };
/* End PBXBuildFile section */

/* Begin PBXFileReference section */
		201EE20935EE082B2B1CE74E /* Pods_Core.framework */ = {isa = PBXFileReference; explicitFileType = wrapper.framework; includeInIndex = 0; path = Pods_Core.framework; sourceTree = BUILT_PRODUCTS_DIR; };
		71A9A24952A8A3EC1CED98C5 /* Pods-Core.release.xcconfig */ = {isa = PBXFileReference; includeInIndex = 1; lastKnownFileType = text.xcconfig; name = "Pods-Core.release.xcconfig"; path = "Target Support Files/Pods-Core/Pods-Core.release.xcconfig"; sourceTree = "<group>"; };
		CE29223F2C3A6F130072ABBA /* GameRemoteDataSource.swift */ = {isa = PBXFileReference; lastKnownFileType = sourcecode.swift; path = GameRemoteDataSource.swift; sourceTree = "<group>"; };
		CE2922422C3A6F3F0072ABBA /* GameRepository.swift */ = {isa = PBXFileReference; lastKnownFileType = sourcecode.swift; path = GameRepository.swift; sourceTree = "<group>"; };
		CE2922462C3A6F670072ABBA /* Game.swift */ = {isa = PBXFileReference; lastKnownFileType = sourcecode.swift; path = Game.swift; sourceTree = "<group>"; };
		CE2922492C3A6F9C0072ABBA /* GameMapper+Ext.swift */ = {isa = PBXFileReference; lastKnownFileType = sourcecode.swift; path = "GameMapper+Ext.swift"; sourceTree = "<group>"; };
		CE29224C2C3A70180072ABBA /* Result.swift */ = {isa = PBXFileReference; fileEncoding = 4; lastKnownFileType = sourcecode.swift; path = Result.swift; sourceTree = "<group>"; };
		CE29224D2C3A70180072ABBA /* ObservableScrollView.swift */ = {isa = PBXFileReference; fileEncoding = 4; lastKnownFileType = sourcecode.swift; path = ObservableScrollView.swift; sourceTree = "<group>"; };
		CE29224E2C3A70180072ABBA /* NoInternetConnectionView.swift */ = {isa = PBXFileReference; fileEncoding = 4; lastKnownFileType = sourcecode.swift; path = NoInternetConnectionView.swift; sourceTree = "<group>"; };
		CE29225A2C3A71C50072ABBA /* Navigation+Ext.swift */ = {isa = PBXFileReference; fileEncoding = 4; lastKnownFileType = sourcecode.swift; path = "Navigation+Ext.swift"; sourceTree = "<group>"; };
		CE29225C2C3A71D50072ABBA /* NetworkUtil.swift */ = {isa = PBXFileReference; fileEncoding = 4; lastKnownFileType = sourcecode.swift; path = NetworkUtil.swift; sourceTree = "<group>"; };
		CE29225E2C3A71E70072ABBA /* StringUtil.swift */ = {isa = PBXFileReference; fileEncoding = 4; lastKnownFileType = sourcecode.swift; path = StringUtil.swift; sourceTree = "<group>"; };
		CEDFF8E12C3A773B0080377C /* GameModel.swift */ = {isa = PBXFileReference; lastKnownFileType = sourcecode.swift; path = GameModel.swift; sourceTree = "<group>"; };
		CEDFF8EB2C3A7A360080377C /* GameItemView.swift */ = {isa = PBXFileReference; fileEncoding = 4; lastKnownFileType = sourcecode.swift; path = GameItemView.swift; sourceTree = "<group>"; };
		CEE36B152C37CCB400501FA0 /* GameLocalDataSource.swift */ = {isa = PBXFileReference; lastKnownFileType = sourcecode.swift; path = GameLocalDataSource.swift; sourceTree = "<group>"; };
		CEF49DD12C367ED500040470 /* Core.framework */ = {isa = PBXFileReference; explicitFileType = wrapper.framework; includeInIndex = 0; path = Core.framework; sourceTree = BUILT_PRODUCTS_DIR; };
		CEF49DD42C367ED500040470 /* Core.h */ = {isa = PBXFileReference; lastKnownFileType = sourcecode.c.h; path = Core.h; sourceTree = "<group>"; };
		CEF49DD52C367ED500040470 /* Core.docc */ = {isa = PBXFileReference; lastKnownFileType = folder.documentationcatalog; path = Core.docc; sourceTree = "<group>"; };
		DAF52F54F73F90A4A49153E8 /* Pods-Core.debug.xcconfig */ = {isa = PBXFileReference; includeInIndex = 1; lastKnownFileType = text.xcconfig; name = "Pods-Core.debug.xcconfig"; path = "Target Support Files/Pods-Core/Pods-Core.debug.xcconfig"; sourceTree = "<group>"; };
/* End PBXFileReference section */

/* Begin PBXFrameworksBuildPhase section */
		CEF49DCE2C367ED500040470 /* Frameworks */ = {
			isa = PBXFrameworksBuildPhase;
			buildActionMask = 2147483647;
			files = (
				733A07AE48D53E75D8F2E611 /* Pods_Core.framework in Frameworks */,
			);
			runOnlyForDeploymentPostprocessing = 0;
		};
/* End PBXFrameworksBuildPhase section */

/* Begin PBXGroup section */
		A672F649AC6CBF2E42DCFBE8 /* Pods */ = {
			isa = PBXGroup;
			children = (
				DAF52F54F73F90A4A49153E8 /* Pods-Core.debug.xcconfig */,
				71A9A24952A8A3EC1CED98C5 /* Pods-Core.release.xcconfig */,
			);
			name = Pods;
			path = ../App/Pods;
			sourceTree = "<group>";
		};
		AA0611B73131D6532E575545 /* Frameworks */ = {
			isa = PBXGroup;
			children = (
				201EE20935EE082B2B1CE74E /* Pods_Core.framework */,
			);
			name = Frameworks;
			sourceTree = "<group>";
		};
		CE29223C2C3A6ED20072ABBA /* Models */ = {
			isa = PBXGroup;
			children = (
				CEDFF8E12C3A773B0080377C /* GameModel.swift */,
			);
			path = Models;
			sourceTree = "<group>";
		};
		CE2922412C3A6F2E0072ABBA /* Repositories */ = {
			isa = PBXGroup;
			children = (
				CE2922422C3A6F3F0072ABBA /* GameRepository.swift */,
			);
			path = Repositories;
			sourceTree = "<group>";
		};
		CE2922442C3A6F540072ABBA /* Domain */ = {
			isa = PBXGroup;
			children = (
				CE2922452C3A6F580072ABBA /* Entities */,
			);
			path = Domain;
			sourceTree = "<group>";
		};
		CE2922452C3A6F580072ABBA /* Entities */ = {
			isa = PBXGroup;
			children = (
				CE2922462C3A6F670072ABBA /* Game.swift */,
			);
			path = Entities;
			sourceTree = "<group>";
		};
		CE2922482C3A6F870072ABBA /* Mappers */ = {
			isa = PBXGroup;
			children = (
				CE2922492C3A6F9C0072ABBA /* GameMapper+Ext.swift */,
			);
			path = Mappers;
			sourceTree = "<group>";
		};
		CE29224B2C3A700A0072ABBA /* Utils */ = {
			isa = PBXGroup;
			children = (
				CE29225E2C3A71E70072ABBA /* StringUtil.swift */,
				CE29225A2C3A71C50072ABBA /* Navigation+Ext.swift */,
				CE29225C2C3A71D50072ABBA /* NetworkUtil.swift */,
				CE29224C2C3A70180072ABBA /* Result.swift */,
				CE29224D2C3A70180072ABBA /* ObservableScrollView.swift */,
				CE29224E2C3A70180072ABBA /* NoInternetConnectionView.swift */,
			);
			path = Utils;
			sourceTree = "<group>";
		};
		CEDFF8E92C3A7A260080377C /* Presentation */ = {
			isa = PBXGroup;
			children = (
				CEDFF8EA2C3A7A2C0080377C /* View */,
			);
			path = Presentation;
			sourceTree = "<group>";
		};
		CEDFF8EA2C3A7A2C0080377C /* View */ = {
			isa = PBXGroup;
			children = (
				CEDFF8EB2C3A7A360080377C /* GameItemView.swift */,
			);
			path = View;
			sourceTree = "<group>";
		};
		CEE36B132C37CBB700501FA0 /* Data */ = {
			isa = PBXGroup;
			children = (
				CE2922482C3A6F870072ABBA /* Mappers */,
				CE2922412C3A6F2E0072ABBA /* Repositories */,
				CE29223C2C3A6ED20072ABBA /* Models */,
				CEE36B142C37CBBD00501FA0 /* Datasources */,
			);
			path = Data;
			sourceTree = "<group>";
		};
		CEE36B142C37CBBD00501FA0 /* Datasources */ = {
			isa = PBXGroup;
			children = (
				CEE36B152C37CCB400501FA0 /* GameLocalDataSource.swift */,
				CE29223F2C3A6F130072ABBA /* GameRemoteDataSource.swift */,
			);
			path = Datasources;
			sourceTree = "<group>";
		};
		CEF49DC72C367ED500040470 = {
			isa = PBXGroup;
			children = (
				CEF49DD32C367ED500040470 /* Core */,
				CEF49DD22C367ED500040470 /* Products */,
				A672F649AC6CBF2E42DCFBE8 /* Pods */,
				AA0611B73131D6532E575545 /* Frameworks */,
			);
			sourceTree = "<group>";
		};
		CEF49DD22C367ED500040470 /* Products */ = {
			isa = PBXGroup;
			children = (
				CEF49DD12C367ED500040470 /* Core.framework */,
			);
			name = Products;
			sourceTree = "<group>";
		};
		CEF49DD32C367ED500040470 /* Core */ = {
			isa = PBXGroup;
			children = (
				CEDFF8E92C3A7A260080377C /* Presentation */,
				CE29224B2C3A700A0072ABBA /* Utils */,
				CE2922442C3A6F540072ABBA /* Domain */,
				CEE36B132C37CBB700501FA0 /* Data */,
				CEF49DD42C367ED500040470 /* Core.h */,
				CEF49DD52C367ED500040470 /* Core.docc */,
			);
			path = Core;
			sourceTree = "<group>";
		};
/* End PBXGroup section */

/* Begin PBXHeadersBuildPhase section */
		CEF49DCC2C367ED500040470 /* Headers */ = {
			isa = PBXHeadersBuildPhase;
			buildActionMask = 2147483647;
			files = (
				CEF49DD72C367ED500040470 /* Core.h in Headers */,
			);
			runOnlyForDeploymentPostprocessing = 0;
		};
/* End PBXHeadersBuildPhase section */

/* Begin PBXNativeTarget section */
		CEF49DD02C367ED500040470 /* Core */ = {
			isa = PBXNativeTarget;
			buildConfigurationList = CEF49DDA2C367ED500040470 /* Build configuration list for PBXNativeTarget "Core" */;
			buildPhases = (
				12BF9802113FE2C962E26484 /* [CP] Check Pods Manifest.lock */,
				CEF49DCC2C367ED500040470 /* Headers */,
				CEF49DCD2C367ED500040470 /* Sources */,
				CEF49DCE2C367ED500040470 /* Frameworks */,
				CEF49DCF2C367ED500040470 /* Resources */,
			);
			buildRules = (
			);
			dependencies = (
			);
			name = Core;
			productName = Core;
			productReference = CEF49DD12C367ED500040470 /* Core.framework */;
			productType = "com.apple.product-type.framework";
		};
/* End PBXNativeTarget section */

/* Begin PBXProject section */
		CEF49DC82C367ED500040470 /* Project object */ = {
			isa = PBXProject;
			attributes = {
				BuildIndependentTargetsInParallel = 1;
				LastUpgradeCheck = 1540;
				TargetAttributes = {
					CEF49DD02C367ED500040470 = {
						CreatedOnToolsVersion = 15.4;
					};
				};
			};
			buildConfigurationList = CEF49DCB2C367ED500040470 /* Build configuration list for PBXProject "Core" */;
			compatibilityVersion = "Xcode 14.0";
			developmentRegion = en;
			hasScannedForEncodings = 0;
			knownRegions = (
				en,
				Base,
			);
			mainGroup = CEF49DC72C367ED500040470;
			productRefGroup = CEF49DD22C367ED500040470 /* Products */;
			projectDirPath = "";
			projectRoot = "";
			targets = (
				CEF49DD02C367ED500040470 /* Core */,
			);
		};
/* End PBXProject section */

/* Begin PBXResourcesBuildPhase section */
		CEF49DCF2C367ED500040470 /* Resources */ = {
			isa = PBXResourcesBuildPhase;
			buildActionMask = 2147483647;
			files = (
			);
			runOnlyForDeploymentPostprocessing = 0;
		};
/* End PBXResourcesBuildPhase section */

/* Begin PBXShellScriptBuildPhase section */
		12BF9802113FE2C962E26484 /* [CP] Check Pods Manifest.lock */ = {
			isa = PBXShellScriptBuildPhase;
			buildActionMask = 2147483647;
			files = (
			);
			inputFileListPaths = (
			);
			inputPaths = (
				"${PODS_PODFILE_DIR_PATH}/Podfile.lock",
				"${PODS_ROOT}/Manifest.lock",
			);
			name = "[CP] Check Pods Manifest.lock";
			outputFileListPaths = (
			);
			outputPaths = (
				"$(DERIVED_FILE_DIR)/Pods-Core-checkManifestLockResult.txt",
			);
			runOnlyForDeploymentPostprocessing = 0;
			shellPath = /bin/sh;
			shellScript = "diff \"${PODS_PODFILE_DIR_PATH}/Podfile.lock\" \"${PODS_ROOT}/Manifest.lock\" > /dev/null\nif [ $? != 0 ] ; then\n    # print error to STDERR\n    echo \"error: The sandbox is not in sync with the Podfile.lock. Run 'pod install' or update your CocoaPods installation.\" >&2\n    exit 1\nfi\n# This output is used by Xcode 'outputs' to avoid re-running this script phase.\necho \"SUCCESS\" > \"${SCRIPT_OUTPUT_FILE_0}\"\n";
			showEnvVarsInLog = 0;
		};
/* End PBXShellScriptBuildPhase section */

/* Begin PBXSourcesBuildPhase section */
		CEF49DCD2C367ED500040470 /* Sources */ = {
			isa = PBXSourcesBuildPhase;
			buildActionMask = 2147483647;
			files = (
				CE29224F2C3A70180072ABBA /* Result.swift in Sources */,
				CEF49DD62C367ED500040470 /* Core.docc in Sources */,
				CEDFF8EC2C3A7A360080377C /* GameItemView.swift in Sources */,
				CE29225F2C3A71E70072ABBA /* StringUtil.swift in Sources */,
				CE29225B2C3A71C50072ABBA /* Navigation+Ext.swift in Sources */,
				CE29224A2C3A6F9C0072ABBA /* GameMapper+Ext.swift in Sources */,
				CE2922472C3A6F670072ABBA /* Game.swift in Sources */,
				CE2922432C3A6F3F0072ABBA /* GameRepository.swift in Sources */,
				CE29225D2C3A71D50072ABBA /* NetworkUtil.swift in Sources */,
				CE2922512C3A70180072ABBA /* NoInternetConnectionView.swift in Sources */,
				CEE36B162C37CCB400501FA0 /* GameLocalDataSource.swift in Sources */,
				CE2922502C3A70180072ABBA /* ObservableScrollView.swift in Sources */,
				CEDFF8E22C3A773B0080377C /* GameModel.swift in Sources */,
				CE2922402C3A6F130072ABBA /* GameRemoteDataSource.swift in Sources */,
			);
			runOnlyForDeploymentPostprocessing = 0;
		};
/* End PBXSourcesBuildPhase section */

/* Begin XCBuildConfiguration section */
		CEF49DD82C367ED500040470 /* Debug */ = {
			isa = XCBuildConfiguration;
			buildSettings = {
				ALWAYS_SEARCH_USER_PATHS = NO;
				ASSETCATALOG_COMPILER_GENERATE_SWIFT_ASSET_SYMBOL_EXTENSIONS = YES;
				CLANG_ANALYZER_NONNULL = YES;
				CLANG_ANALYZER_NUMBER_OBJECT_CONVERSION = YES_AGGRESSIVE;
				CLANG_CXX_LANGUAGE_STANDARD = "gnu++20";
				CLANG_ENABLE_MODULES = YES;
				CLANG_ENABLE_OBJC_ARC = YES;
				CLANG_ENABLE_OBJC_WEAK = YES;
				CLANG_WARN_BLOCK_CAPTURE_AUTORELEASING = YES;
				CLANG_WARN_BOOL_CONVERSION = YES;
				CLANG_WARN_COMMA = YES;
				CLANG_WARN_CONSTANT_CONVERSION = YES;
				CLANG_WARN_DEPRECATED_OBJC_IMPLEMENTATIONS = YES;
				CLANG_WARN_DIRECT_OBJC_ISA_USAGE = YES_ERROR;
				CLANG_WARN_DOCUMENTATION_COMMENTS = YES;
				CLANG_WARN_EMPTY_BODY = YES;
				CLANG_WARN_ENUM_CONVERSION = YES;
				CLANG_WARN_INFINITE_RECURSION = YES;
				CLANG_WARN_INT_CONVERSION = YES;
				CLANG_WARN_NON_LITERAL_NULL_CONVERSION = YES;
				CLANG_WARN_OBJC_IMPLICIT_RETAIN_SELF = YES;
				CLANG_WARN_OBJC_LITERAL_CONVERSION = YES;
				CLANG_WARN_OBJC_ROOT_CLASS = YES_ERROR;
				CLANG_WARN_QUOTED_INCLUDE_IN_FRAMEWORK_HEADER = YES;
				CLANG_WARN_RANGE_LOOP_ANALYSIS = YES;
				CLANG_WARN_STRICT_PROTOTYPES = YES;
				CLANG_WARN_SUSPICIOUS_MOVE = YES;
				CLANG_WARN_UNGUARDED_AVAILABILITY = YES_AGGRESSIVE;
				CLANG_WARN_UNREACHABLE_CODE = YES;
				CLANG_WARN__DUPLICATE_METHOD_MATCH = YES;
				COPY_PHASE_STRIP = NO;
				CURRENT_PROJECT_VERSION = 1;
				DEBUG_INFORMATION_FORMAT = dwarf;
				ENABLE_STRICT_OBJC_MSGSEND = YES;
				ENABLE_TESTABILITY = YES;
				ENABLE_USER_SCRIPT_SANDBOXING = YES;
				GCC_C_LANGUAGE_STANDARD = gnu17;
				GCC_DYNAMIC_NO_PIC = NO;
				GCC_NO_COMMON_BLOCKS = YES;
				GCC_OPTIMIZATION_LEVEL = 0;
				GCC_PREPROCESSOR_DEFINITIONS = (
					"DEBUG=1",
					"$(inherited)",
				);
				GCC_WARN_64_TO_32_BIT_CONVERSION = YES;
				GCC_WARN_ABOUT_RETURN_TYPE = YES_ERROR;
				GCC_WARN_UNDECLARED_SELECTOR = YES;
				GCC_WARN_UNINITIALIZED_AUTOS = YES_AGGRESSIVE;
				GCC_WARN_UNUSED_FUNCTION = YES;
				GCC_WARN_UNUSED_VARIABLE = YES;
				IPHONEOS_DEPLOYMENT_TARGET = 17.5;
				LOCALIZATION_PREFERS_STRING_CATALOGS = YES;
				MTL_ENABLE_DEBUG_INFO = INCLUDE_SOURCE;
				MTL_FAST_MATH = YES;
				ONLY_ACTIVE_ARCH = YES;
				SDKROOT = iphoneos;
				SWIFT_ACTIVE_COMPILATION_CONDITIONS = "DEBUG $(inherited)";
				SWIFT_OPTIMIZATION_LEVEL = "-Onone";
				VERSIONING_SYSTEM = "apple-generic";
				VERSION_INFO_PREFIX = "";
			};
			name = Debug;
		};
		CEF49DD92C367ED500040470 /* Release */ = {
			isa = XCBuildConfiguration;
			buildSettings = {
				ALWAYS_SEARCH_USER_PATHS = NO;
				ASSETCATALOG_COMPILER_GENERATE_SWIFT_ASSET_SYMBOL_EXTENSIONS = YES;
				CLANG_ANALYZER_NONNULL = YES;
				CLANG_ANALYZER_NUMBER_OBJECT_CONVERSION = YES_AGGRESSIVE;
				CLANG_CXX_LANGUAGE_STANDARD = "gnu++20";
				CLANG_ENABLE_MODULES = YES;
				CLANG_ENABLE_OBJC_ARC = YES;
				CLANG_ENABLE_OBJC_WEAK = YES;
				CLANG_WARN_BLOCK_CAPTURE_AUTORELEASING = YES;
				CLANG_WARN_BOOL_CONVERSION = YES;
				CLANG_WARN_COMMA = YES;
				CLANG_WARN_CONSTANT_CONVERSION = YES;
				CLANG_WARN_DEPRECATED_OBJC_IMPLEMENTATIONS = YES;
				CLANG_WARN_DIRECT_OBJC_ISA_USAGE = YES_ERROR;
				CLANG_WARN_DOCUMENTATION_COMMENTS = YES;
				CLANG_WARN_EMPTY_BODY = YES;
				CLANG_WARN_ENUM_CONVERSION = YES;
				CLANG_WARN_INFINITE_RECURSION = YES;
				CLANG_WARN_INT_CONVERSION = YES;
				CLANG_WARN_NON_LITERAL_NULL_CONVERSION = YES;
				CLANG_WARN_OBJC_IMPLICIT_RETAIN_SELF = YES;
				CLANG_WARN_OBJC_LITERAL_CONVERSION = YES;
				CLANG_WARN_OBJC_ROOT_CLASS = YES_ERROR;
				CLANG_WARN_QUOTED_INCLUDE_IN_FRAMEWORK_HEADER = YES;
				CLANG_WARN_RANGE_LOOP_ANALYSIS = YES;
				CLANG_WARN_STRICT_PROTOTYPES = YES;
				CLANG_WARN_SUSPICIOUS_MOVE = YES;
				CLANG_WARN_UNGUARDED_AVAILABILITY = YES_AGGRESSIVE;
				CLANG_WARN_UNREACHABLE_CODE = YES;
				CLANG_WARN__DUPLICATE_METHOD_MATCH = YES;
				COPY_PHASE_STRIP = NO;
				CURRENT_PROJECT_VERSION = 1;
				DEBUG_INFORMATION_FORMAT = "dwarf-with-dsym";
				ENABLE_NS_ASSERTIONS = NO;
				ENABLE_STRICT_OBJC_MSGSEND = YES;
				ENABLE_USER_SCRIPT_SANDBOXING = YES;
				GCC_C_LANGUAGE_STANDARD = gnu17;
				GCC_NO_COMMON_BLOCKS = YES;
				GCC_WARN_64_TO_32_BIT_CONVERSION = YES;
				GCC_WARN_ABOUT_RETURN_TYPE = YES_ERROR;
				GCC_WARN_UNDECLARED_SELECTOR = YES;
				GCC_WARN_UNINITIALIZED_AUTOS = YES_AGGRESSIVE;
				GCC_WARN_UNUSED_FUNCTION = YES;
				GCC_WARN_UNUSED_VARIABLE = YES;
				IPHONEOS_DEPLOYMENT_TARGET = 17.5;
				LOCALIZATION_PREFERS_STRING_CATALOGS = YES;
				MTL_ENABLE_DEBUG_INFO = NO;
				MTL_FAST_MATH = YES;
				SDKROOT = iphoneos;
				SWIFT_COMPILATION_MODE = wholemodule;
				VALIDATE_PRODUCT = YES;
				VERSIONING_SYSTEM = "apple-generic";
				VERSION_INFO_PREFIX = "";
			};
			name = Release;
		};
		CEF49DDB2C367ED500040470 /* Debug */ = {
			isa = XCBuildConfiguration;
			baseConfigurationReference = DAF52F54F73F90A4A49153E8 /* Pods-Core.debug.xcconfig */;
			buildSettings = {
				BUILD_LIBRARY_FOR_DISTRIBUTION = YES;
				CODE_SIGN_STYLE = Automatic;
				CURRENT_PROJECT_VERSION = 1;
				DEFINES_MODULE = YES;
				DEVELOPMENT_TEAM = CA7N9ZJB6H;
				DYLIB_COMPATIBILITY_VERSION = 1;
				DYLIB_CURRENT_VERSION = 1;
				DYLIB_INSTALL_NAME_BASE = "@rpath";
				ENABLE_MODULE_VERIFIER = YES;
				GENERATE_INFOPLIST_FILE = YES;
				INFOPLIST_KEY_NSHumanReadableCopyright = "";
				INSTALL_PATH = "$(LOCAL_LIBRARY_DIR)/Frameworks";
				LD_RUNPATH_SEARCH_PATHS = (
					"$(inherited)",
					"@executable_path/Frameworks",
					"@loader_path/Frameworks",
				);
				MARKETING_VERSION = 1.0;
				MODULE_VERIFIER_SUPPORTED_LANGUAGES = "objective-c objective-c++";
				MODULE_VERIFIER_SUPPORTED_LANGUAGE_STANDARDS = "gnu17 gnu++20";
				PRODUCT_BUNDLE_IDENTIFIER = com.gameappsubmission.Core;
				PRODUCT_NAME = "$(TARGET_NAME:c99extidentifier)";
				SKIP_INSTALL = YES;
				SWIFT_EMIT_LOC_STRINGS = YES;
				SWIFT_INSTALL_OBJC_HEADER = NO;
				SWIFT_VERSION = 5.0;
				TARGETED_DEVICE_FAMILY = "1,2";
			};
			name = Debug;
		};
		CEF49DDC2C367ED500040470 /* Release */ = {
			isa = XCBuildConfiguration;
			baseConfigurationReference = 71A9A24952A8A3EC1CED98C5 /* Pods-Core.release.xcconfig */;
			buildSettings = {
				BUILD_LIBRARY_FOR_DISTRIBUTION = YES;
				CODE_SIGN_STYLE = Automatic;
				CURRENT_PROJECT_VERSION = 1;
				DEFINES_MODULE = YES;
				DEVELOPMENT_TEAM = CA7N9ZJB6H;
				DYLIB_COMPATIBILITY_VERSION = 1;
				DYLIB_CURRENT_VERSION = 1;
				DYLIB_INSTALL_NAME_BASE = "@rpath";
				ENABLE_MODULE_VERIFIER = YES;
				GENERATE_INFOPLIST_FILE = YES;
				INFOPLIST_KEY_NSHumanReadableCopyright = "";
				INSTALL_PATH = "$(LOCAL_LIBRARY_DIR)/Frameworks";
				LD_RUNPATH_SEARCH_PATHS = (
					"$(inherited)",
					"@executable_path/Frameworks",
					"@loader_path/Frameworks",
				);
				MARKETING_VERSION = 1.0;
				MODULE_VERIFIER_SUPPORTED_LANGUAGES = "objective-c objective-c++";
				MODULE_VERIFIER_SUPPORTED_LANGUAGE_STANDARDS = "gnu17 gnu++20";
				PRODUCT_BUNDLE_IDENTIFIER = com.gameappsubmission.Core;
				PRODUCT_NAME = "$(TARGET_NAME:c99extidentifier)";
				SKIP_INSTALL = YES;
				SWIFT_EMIT_LOC_STRINGS = YES;
				SWIFT_INSTALL_OBJC_HEADER = NO;
				SWIFT_VERSION = 5.0;
				TARGETED_DEVICE_FAMILY = "1,2";
			};
			name = Release;
		};
/* End XCBuildConfiguration section */

/* Begin XCConfigurationList section */
		CEF49DCB2C367ED500040470 /* Build configuration list for PBXProject "Core" */ = {
			isa = XCConfigurationList;
			buildConfigurations = (
				CEF49DD82C367ED500040470 /* Debug */,
				CEF49DD92C367ED500040470 /* Release */,
			);
			defaultConfigurationIsVisible = 0;
			defaultConfigurationName = Release;
		};
		CEF49DDA2C367ED500040470 /* Build configuration list for PBXNativeTarget "Core" */ = {
			isa = XCConfigurationList;
			buildConfigurations = (
				CEF49DDB2C367ED500040470 /* Debug */,
				CEF49DDC2C367ED500040470 /* Release */,
			);
			defaultConfigurationIsVisible = 0;
			defaultConfigurationName = Release;
		};
/* End XCConfigurationList section */
	};
	rootObject = CEF49DC82C367ED500040470 /* Project object */;
}
